
Microsoft Visual Studio Solution File, Format Version 12.00
# Visual Studio 15
VisualStudioVersion = 15.0.28307.539
MinimumVisualStudioVersion = 10.0.40219.1
Project("{FAE04EC0-301F-11D3-BF4B-00C04F79EFBC}") = "PfxCreator", "PfxCreator\PfxCreator.csproj", "{9E48B3FD-2733-4EBF-B3F7-3484C39CFE8B}"
EndProject
Global
	GlobalSection(SolutionConfigurationPlatforms) = preSolution
		Debug|Any CPU = Debug|Any CPU
		Release|Any CPU = Release|Any CPU
	EndGlobalSection
	GlobalSection(ProjectConfigurationPlatforms) = postSolution
		{9E48B3FD-2733-4EBF-B3F7-3484C39CFE8B}.Debug|Any CPU.ActiveCfg = Debug|Any CPU
		{9E48B3FD-2733-4EBF-B3F7-3484C39CFE8B}.Debug|Any CPU.Build.0 = Debug|Any CPU
		{9E48B3FD-2733-4EBF-B3F7-3484C39CFE8B}.Release|Any CPU.ActiveCfg = Release|Any CPU
		{9E48B3FD-2733-4EBF-B3F7-3484C39CFE8B}.Release|Any CPU.Build.0 = Release|Any CPU
	EndGlobalSection
	GlobalSection(SolutionProperties) = preSolution
		HideSolutionNode = FALSE
	EndGlobalSection
	GlobalSection(ExtensibilityGlobals) = postSolution
		SolutionGuid = {EAE72680-1223-48F9-8A67-D85A30360B63}
	EndGlobalSection
EndGlobal
